// !$*UTF8*$!
{
	archiveVersion = 1;
	classes = {
	};
	objectVersion = 56;
	objects = {

/* Begin PBXBuildFile section */
		7AA144B22A2661A7000AE858 /* SplashView.swift in Sources */ = {isa = PBXBuildFile; fileRef = 7AA144B12A2661A7000AE858 /* SplashView.swift */; };
		7AA144B52A266429000AE858 /* AssetManagement.swift in Sources */ = {isa = PBXBuildFile; fileRef = 7AA144B42A266429000AE858 /* AssetManagement.swift */; };
		7AA144B72A266D9A000AE858 /* Sizing.swift in Sources */ = {isa = PBXBuildFile; fileRef = 7AA144B62A266D9A000AE858 /* Sizing.swift */; };
		7AA144B92A267219000AE858 /* Size.swift in Sources */ = {isa = PBXBuildFile; fileRef = 7AA144B82A267219000AE858 /* Size.swift */; };
		7AA144BD2A2675B1000AE858 /* RestaurantCardComponent.swift in Sources */ = {isa = PBXBuildFile; fileRef = 7AA144BC2A2675B1000AE858 /* RestaurantCardComponent.swift */; };
		7AA144BF2A26761B000AE858 /* HomeViewModel.swift in Sources */ = {isa = PBXBuildFile; fileRef = 7AA144BE2A26761B000AE858 /* HomeViewModel.swift */; };
		7AA144C22A26769B000AE858 /* ApiService.swift in Sources */ = {isa = PBXBuildFile; fileRef = 7AA144C12A26769B000AE858 /* ApiService.swift */; };
		7AA144C52A2677E4000AE858 /* HomepageSection.swift in Sources */ = {isa = PBXBuildFile; fileRef = 7AA144C42A2677E4000AE858 /* HomepageSection.swift */; };
		7AA144C92A2678B7000AE858 /* AppStrings.swift in Sources */ = {isa = PBXBuildFile; fileRef = 7AA144C82A2678B7000AE858 /* AppStrings.swift */; };
		7AA144CD2A271D57000AE858 /* RestaurantView.swift in Sources */ = {isa = PBXBuildFile; fileRef = 7AA144CC2A271D57000AE858 /* RestaurantView.swift */; };
		7AA144D02A271DE2000AE858 /* RestaurantViewModel.swift in Sources */ = {isa = PBXBuildFile; fileRef = 7AA144CF2A271DE2000AE858 /* RestaurantViewModel.swift */; };
		7AA144D32A271E67000AE858 /* GetProductsModel.swift in Sources */ = {isa = PBXBuildFile; fileRef = 7AA144D22A271E67000AE858 /* GetProductsModel.swift */; };
		7AA144D62A2737ED000AE858 /* NetworkImage.swift in Sources */ = {isa = PBXBuildFile; fileRef = 7AA144D52A2737ED000AE858 /* NetworkImage.swift */; };
		7AA144D92A2741BA000AE858 /* ProductCard.swift in Sources */ = {isa = PBXBuildFile; fileRef = 7AA144D82A2741BA000AE858 /* ProductCard.swift */; };
		7AF55FE92A2471E700D4244F /* StarterProjectSetupApp.swift in Sources */ = {isa = PBXBuildFile; fileRef = 7AF55FE82A2471E700D4244F /* StarterProjectSetupApp.swift */; };
		7AF55FEB2A2471E700D4244F /* ContentView.swift in Sources */ = {isa = PBXBuildFile; fileRef = 7AF55FEA2A2471E700D4244F /* ContentView.swift */; };
		7AF55FED2A2471E900D4244F /* Assets.xcassets in Resources */ = {isa = PBXBuildFile; fileRef = 7AF55FEC2A2471E900D4244F /* Assets.xcassets */; };
		7AF55FF02A2471E900D4244F /* Preview Assets.xcassets in Resources */ = {isa = PBXBuildFile; fileRef = 7AF55FEF2A2471E900D4244F /* Preview Assets.xcassets */; };
		7AF55FF82A24735500D4244F /* Color.swift in Sources */ = {isa = PBXBuildFile; fileRef = 7AF55FF72A24735500D4244F /* Color.swift */; };
		7AF55FFF2A2475E400D4244F /* HomeView.swift in Sources */ = {isa = PBXBuildFile; fileRef = 7AF55FFE2A2475E400D4244F /* HomeView.swift */; };
		7AF560032A24773C00D4244F /* CircleButtonViews.swift in Sources */ = {isa = PBXBuildFile; fileRef = 7AF560022A24773C00D4244F /* CircleButtonViews.swift */; };
		7AF560062A24816E00D4244F /* CoinModel.swift in Sources */ = {isa = PBXBuildFile; fileRef = 7AF560052A24816E00D4244F /* CoinModel.swift */; };
/* End PBXBuildFile section */

/* Begin PBXFileReference section */
		7AA144B12A2661A7000AE858 /* SplashView.swift */ = {isa = PBXFileReference; lastKnownFileType = sourcecode.swift; path = SplashView.swift; sourceTree = "<group>"; };
		7AA144B42A266429000AE858 /* AssetManagement.swift */ = {isa = PBXFileReference; lastKnownFileType = sourcecode.swift; path = AssetManagement.swift; sourceTree = "<group>"; };
		7AA144B62A266D9A000AE858 /* Sizing.swift */ = {isa = PBXFileReference; lastKnownFileType = sourcecode.swift; path = Sizing.swift; sourceTree = "<group>"; };
		7AA144B82A267219000AE858 /* Size.swift */ = {isa = PBXFileReference; lastKnownFileType = sourcecode.swift; path = Size.swift; sourceTree = "<group>"; };
		7AA144BC2A2675B1000AE858 /* RestaurantCardComponent.swift */ = {isa = PBXFileReference; lastKnownFileType = sourcecode.swift; path = RestaurantCardComponent.swift; sourceTree = "<group>"; };
		7AA144BE2A26761B000AE858 /* HomeViewModel.swift */ = {isa = PBXFileReference; lastKnownFileType = sourcecode.swift; path = HomeViewModel.swift; sourceTree = "<group>"; };
		7AA144C12A26769B000AE858 /* ApiService.swift */ = {isa = PBXFileReference; lastKnownFileType = sourcecode.swift; path = ApiService.swift; sourceTree = "<group>"; };
		7AA144C42A2677E4000AE858 /* HomepageSection.swift */ = {isa = PBXFileReference; lastKnownFileType = sourcecode.swift; path = HomepageSection.swift; sourceTree = "<group>"; };
		7AA144C82A2678B7000AE858 /* AppStrings.swift */ = {isa = PBXFileReference; lastKnownFileType = sourcecode.swift; path = AppStrings.swift; sourceTree = "<group>"; };
		7AA144CC2A271D57000AE858 /* RestaurantView.swift */ = {isa = PBXFileReference; lastKnownFileType = sourcecode.swift; path = RestaurantView.swift; sourceTree = "<group>"; };
		7AA144CF2A271DE2000AE858 /* RestaurantViewModel.swift */ = {isa = PBXFileReference; lastKnownFileType = sourcecode.swift; path = RestaurantViewModel.swift; sourceTree = "<group>"; };
		7AA144D22A271E67000AE858 /* GetProductsModel.swift */ = {isa = PBXFileReference; lastKnownFileType = sourcecode.swift; path = GetProductsModel.swift; sourceTree = "<group>"; };
		7AA144D52A2737ED000AE858 /* NetworkImage.swift */ = {isa = PBXFileReference; lastKnownFileType = sourcecode.swift; path = NetworkImage.swift; sourceTree = "<group>"; };
		7AA144D82A2741BA000AE858 /* ProductCard.swift */ = {isa = PBXFileReference; lastKnownFileType = sourcecode.swift; path = ProductCard.swift; sourceTree = "<group>"; };
		7AF55FE52A2471E700D4244F /* StarterProjectSetup.app */ = {isa = PBXFileReference; explicitFileType = wrapper.application; includeInIndex = 0; path = StarterProjectSetup.app; sourceTree = BUILT_PRODUCTS_DIR; };
		7AF55FE82A2471E700D4244F /* StarterProjectSetupApp.swift */ = {isa = PBXFileReference; lastKnownFileType = sourcecode.swift; path = StarterProjectSetupApp.swift; sourceTree = "<group>"; };
		7AF55FEA2A2471E700D4244F /* ContentView.swift */ = {isa = PBXFileReference; lastKnownFileType = sourcecode.swift; path = ContentView.swift; sourceTree = "<group>"; };
		7AF55FEC2A2471E900D4244F /* Assets.xcassets */ = {isa = PBXFileReference; lastKnownFileType = folder.assetcatalog; path = Assets.xcassets; sourceTree = "<group>"; };
		7AF55FEF2A2471E900D4244F /* Preview Assets.xcassets */ = {isa = PBXFileReference; lastKnownFileType = folder.assetcatalog; path = "Preview Assets.xcassets"; sourceTree = "<group>"; };
		7AF55FF72A24735500D4244F /* Color.swift */ = {isa = PBXFileReference; lastKnownFileType = sourcecode.swift; path = Color.swift; sourceTree = "<group>"; };
		7AF55FFE2A2475E400D4244F /* HomeView.swift */ = {isa = PBXFileReference; lastKnownFileType = sourcecode.swift; path = HomeView.swift; sourceTree = "<group>"; };
		7AF560022A24773C00D4244F /* CircleButtonViews.swift */ = {isa = PBXFileReference; lastKnownFileType = sourcecode.swift; path = CircleButtonViews.swift; sourceTree = "<group>"; };
		7AF560052A24816E00D4244F /* CoinModel.swift */ = {isa = PBXFileReference; lastKnownFileType = sourcecode.swift; path = CoinModel.swift; sourceTree = "<group>"; };
/* End PBXFileReference section */

/* Begin PBXFrameworksBuildPhase section */
		7AF55FE22A2471E700D4244F /* Frameworks */ = {
			isa = PBXFrameworksBuildPhase;
			buildActionMask = 2147483647;
			files = (
			);
			runOnlyForDeploymentPostprocessing = 0;
		};
/* End PBXFrameworksBuildPhase section */

/* Begin PBXGroup section */
		7AA144AF2A26614E000AE858 /* Splash */ = {
			isa = PBXGroup;
			children = (
				7AA144B02A26618A000AE858 /* Views */,
			);
			path = Splash;
			sourceTree = "<group>";
		};
		7AA144B02A26618A000AE858 /* Views */ = {
			isa = PBXGroup;
			children = (
				7AA144B12A2661A7000AE858 /* SplashView.swift */,
			);
			path = Views;
			sourceTree = "<group>";
		};
		7AA144B32A26640E000AE858 /* Utils */ = {
			isa = PBXGroup;
			children = (
				7AA144B42A266429000AE858 /* AssetManagement.swift */,
				7AA144B62A266D9A000AE858 /* Sizing.swift */,
				7AA144C82A2678B7000AE858 /* AppStrings.swift */,
			);
			path = Utils;
			sourceTree = "<group>";
		};
		7AA144BA2A267582000AE858 /* RestaurantCard */ = {
			isa = PBXGroup;
			children = (
				7AA144BC2A2675B1000AE858 /* RestaurantCardComponent.swift */,
			);
			path = RestaurantCard;
			sourceTree = "<group>";
		};
		7AA144C02A267681000AE858 /* Services */ = {
			isa = PBXGroup;
			children = (
				7AA144C12A26769B000AE858 /* ApiService.swift */,
			);
			path = Services;
			sourceTree = "<group>";
		};
		7AA144C32A2677D2000AE858 /* Home */ = {
			isa = PBXGroup;
			children = (
				7AA144C42A2677E4000AE858 /* HomepageSection.swift */,
			);
			path = Home;
			sourceTree = "<group>";
		};
		7AA144CA2A271D39000AE858 /* Restaurant */ = {
			isa = PBXGroup;
			children = (
				7AA144CE2A271DCF000AE858 /* ViewModels */,
				7AA144CB2A271D45000AE858 /* Views */,
			);
			path = Restaurant;
			sourceTree = "<group>";
		};
		7AA144CB2A271D45000AE858 /* Views */ = {
			isa = PBXGroup;
			children = (
				7AA144CC2A271D57000AE858 /* RestaurantView.swift */,
			);
			path = Views;
			sourceTree = "<group>";
		};
		7AA144CE2A271DCF000AE858 /* ViewModels */ = {
			isa = PBXGroup;
			children = (
				7AA144CF2A271DE2000AE858 /* RestaurantViewModel.swift */,
			);
			path = ViewModels;
			sourceTree = "<group>";
		};
		7AA144D12A271E53000AE858 /* Restaurant */ = {
			isa = PBXGroup;
			children = (
				7AA144D22A271E67000AE858 /* GetProductsModel.swift */,
			);
			path = Restaurant;
			sourceTree = "<group>";
		};
		7AA144D42A2737D0000AE858 /* NetworkImage */ = {
			isa = PBXGroup;
			children = (
				7AA144D52A2737ED000AE858 /* NetworkImage.swift */,
			);
			path = NetworkImage;
			sourceTree = "<group>";
		};
		7AA144D72A2741A7000AE858 /* Products */ = {
			isa = PBXGroup;
			children = (
				7AA144D82A2741BA000AE858 /* ProductCard.swift */,
			);
			path = Products;
			sourceTree = "<group>";
		};
		7AF55FDC2A2471E700D4244F = {
			isa = PBXGroup;
			children = (
				7AF55FE72A2471E700D4244F /* StarterProjectSetup */,
				7AF55FE62A2471E700D4244F /* Products */,
			);
			sourceTree = "<group>";
		};
		7AF55FE62A2471E700D4244F /* Products */ = {
			isa = PBXGroup;
			children = (
				7AF55FE52A2471E700D4244F /* StarterProjectSetup.app */,
			);
			name = Products;
			sourceTree = "<group>";
		};
		7AF55FE72A2471E700D4244F /* StarterProjectSetup */ = {
			isa = PBXGroup;
			children = (
				7AF55FE82A2471E700D4244F /* StarterProjectSetupApp.swift */,
				7AF55FF92A24758800D4244F /* Core */,
				7AA144C02A267681000AE858 /* Services */,
				7AF55FF62A24721600D4244F /* Extensions */,
				7AF560042A247E6500D4244F /* Models */,
				7AA144B32A26640E000AE858 /* Utils */,
				7AF55FEA2A2471E700D4244F /* ContentView.swift */,
				7AF55FEC2A2471E900D4244F /* Assets.xcassets */,
				7AF55FEE2A2471E900D4244F /* Preview Content */,
			);
			path = StarterProjectSetup;
			sourceTree = "<group>";
		};
		7AF55FEE2A2471E900D4244F /* Preview Content */ = {
			isa = PBXGroup;
			children = (
				7AF55FEF2A2471E900D4244F /* Preview Assets.xcassets */,
			);
			path = "Preview Content";
			sourceTree = "<group>";
		};
		7AF55FF62A24721600D4244F /* Extensions */ = {
			isa = PBXGroup;
			children = (
				7AF55FF72A24735500D4244F /* Color.swift */,
				7AA144B82A267219000AE858 /* Size.swift */,
			);
			path = Extensions;
			sourceTree = "<group>";
		};
		7AF55FF92A24758800D4244F /* Core */ = {
			isa = PBXGroup;
			children = (
				7AA144CA2A271D39000AE858 /* Restaurant */,
				7AF560002A24770A00D4244F /* Components */,
				7AA144AF2A26614E000AE858 /* Splash */,
				7AF55FFB2A2475AA00D4244F /* Home */,
			);
			path = Core;
			sourceTree = "<group>";
		};
		7AF55FFB2A2475AA00D4244F /* Home */ = {
			isa = PBXGroup;
			children = (
				7AF55FFD2A2475C100D4244F /* ViewModels */,
				7AF55FFC2A2475B700D4244F /* Views */,
			);
			path = Home;
			sourceTree = "<group>";
		};
		7AF55FFC2A2475B700D4244F /* Views */ = {
			isa = PBXGroup;
			children = (
				7AF55FFE2A2475E400D4244F /* HomeView.swift */,
			);
			path = Views;
			sourceTree = "<group>";
		};
		7AF55FFD2A2475C100D4244F /* ViewModels */ = {
			isa = PBXGroup;
			children = (
				7AA144BE2A26761B000AE858 /* HomeViewModel.swift */,
			);
			path = ViewModels;
			sourceTree = "<group>";
		};
		7AF560002A24770A00D4244F /* Components */ = {
			isa = PBXGroup;
			children = (
				7AA144D72A2741A7000AE858 /* Products */,
				7AA144D42A2737D0000AE858 /* NetworkImage */,
				7AA144BA2A267582000AE858 /* RestaurantCard */,
				7AF560012A24772900D4244F /* CircleButtons */,
			);
			path = Components;
			sourceTree = "<group>";
		};
		7AF560012A24772900D4244F /* CircleButtons */ = {
			isa = PBXGroup;
			children = (
				7AF560022A24773C00D4244F /* CircleButtonViews.swift */,
			);
			path = CircleButtons;
			sourceTree = "<group>";
		};
		7AF560042A247E6500D4244F /* Models */ = {
			isa = PBXGroup;
			children = (
				7AA144D12A271E53000AE858 /* Restaurant */,
				7AA144C32A2677D2000AE858 /* Home */,
				7AF560052A24816E00D4244F /* CoinModel.swift */,
			);
			path = Models;
			sourceTree = "<group>";
		};
/* End PBXGroup section */

/* Begin PBXNativeTarget section */
		7AF55FE42A2471E700D4244F /* StarterProjectSetup */ = {
			isa = PBXNativeTarget;
			buildConfigurationList = 7AF55FF32A2471E900D4244F /* Build configuration list for PBXNativeTarget "StarterProjectSetup" */;
			buildPhases = (
				7AF55FE12A2471E700D4244F /* Sources */,
				7AF55FE22A2471E700D4244F /* Frameworks */,
				7AF55FE32A2471E700D4244F /* Resources */,
			);
			buildRules = (
			);
			dependencies = (
			);
			name = StarterProjectSetup;
			productName = StarterProjectSetup;
			productReference = 7AF55FE52A2471E700D4244F /* StarterProjectSetup.app */;
			productType = "com.apple.product-type.application";
		};
/* End PBXNativeTarget section */

/* Begin PBXProject section */
		7AF55FDD2A2471E700D4244F /* Project object */ = {
			isa = PBXProject;
			attributes = {
				BuildIndependentTargetsInParallel = 1;
				LastSwiftUpdateCheck = 1430;
				LastUpgradeCheck = 1430;
				TargetAttributes = {
					7AF55FE42A2471E700D4244F = {
						CreatedOnToolsVersion = 14.3;
					};
				};
			};
			buildConfigurationList = 7AF55FE02A2471E700D4244F /* Build configuration list for PBXProject "StarterProjectSetup" */;
			compatibilityVersion = "Xcode 14.0";
			developmentRegion = en;
			hasScannedForEncodings = 0;
			knownRegions = (
				en,
				Base,
			);
			mainGroup = 7AF55FDC2A2471E700D4244F;
			productRefGroup = 7AF55FE62A2471E700D4244F /* Products */;
			projectDirPath = "";
			projectRoot = "";
			targets = (
				7AF55FE42A2471E700D4244F /* StarterProjectSetup */,
			);
		};
/* End PBXProject section */

/* Begin PBXResourcesBuildPhase section */
		7AF55FE32A2471E700D4244F /* Resources */ = {
			isa = PBXResourcesBuildPhase;
			buildActionMask = 2147483647;
			files = (
				7AF55FF02A2471E900D4244F /* Preview Assets.xcassets in Resources */,
				7AF55FED2A2471E900D4244F /* Assets.xcassets in Resources */,
			);
			runOnlyForDeploymentPostprocessing = 0;
		};
/* End PBXResourcesBuildPhase section */

/* Begin PBXSourcesBuildPhase section */
		7AF55FE12A2471E700D4244F /* Sources */ = {
			isa = PBXSourcesBuildPhase;
			buildActionMask = 2147483647;
			files = (
				7AA144D32A271E67000AE858 /* GetProductsModel.swift in Sources */,
				7AF55FEB2A2471E700D4244F /* ContentView.swift in Sources */,
				7AF55FFF2A2475E400D4244F /* HomeView.swift in Sources */,
				7AA144D92A2741BA000AE858 /* ProductCard.swift in Sources */,
				7AA144B72A266D9A000AE858 /* Sizing.swift in Sources */,
				7AA144CD2A271D57000AE858 /* RestaurantView.swift in Sources */,
				7AA144C92A2678B7000AE858 /* AppStrings.swift in Sources */,
				7AF560032A24773C00D4244F /* CircleButtonViews.swift in Sources */,
				7AF55FE92A2471E700D4244F /* StarterProjectSetupApp.swift in Sources */,
				7AF560062A24816E00D4244F /* CoinModel.swift in Sources */,
				7AA144B92A267219000AE858 /* Size.swift in Sources */,
				7AA144C52A2677E4000AE858 /* HomepageSection.swift in Sources */,
				7AA144C22A26769B000AE858 /* ApiService.swift in Sources */,
				7AA144BF2A26761B000AE858 /* HomeViewModel.swift in Sources */,
				7AA144B52A266429000AE858 /* AssetManagement.swift in Sources */,
				7AA144BD2A2675B1000AE858 /* RestaurantCardComponent.swift in Sources */,
				7AA144D62A2737ED000AE858 /* NetworkImage.swift in Sources */,
				7AF55FF82A24735500D4244F /* Color.swift in Sources */,
				7AA144B22A2661A7000AE858 /* SplashView.swift in Sources */,
				7AA144D02A271DE2000AE858 /* RestaurantViewModel.swift in Sources */,
			);
			runOnlyForDeploymentPostprocessing = 0;
		};
/* End PBXSourcesBuildPhase section */

/* Begin XCBuildConfiguration section */
		7AF55FF12A2471E900D4244F /* Debug */ = {
			isa = XCBuildConfiguration;
			buildSettings = {
				ALWAYS_SEARCH_USER_PATHS = NO;
				CLANG_ANALYZER_NONNULL = YES;
				CLANG_ANALYZER_NUMBER_OBJECT_CONVERSION = YES_AGGRESSIVE;
				CLANG_CXX_LANGUAGE_STANDARD = "gnu++20";
				CLANG_ENABLE_MODULES = YES;
				CLANG_ENABLE_OBJC_ARC = YES;
				CLANG_ENABLE_OBJC_WEAK = YES;
				CLANG_WARN_BLOCK_CAPTURE_AUTORELEASING = YES;
				CLANG_WARN_BOOL_CONVERSION = YES;
				CLANG_WARN_COMMA = YES;
				CLANG_WARN_CONSTANT_CONVERSION = YES;
				CLANG_WARN_DEPRECATED_OBJC_IMPLEMENTATIONS = YES;
				CLANG_WARN_DIRECT_OBJC_ISA_USAGE = YES_ERROR;
				CLANG_WARN_DOCUMENTATION_COMMENTS = YES;
				CLANG_WARN_EMPTY_BODY = YES;
				CLANG_WARN_ENUM_CONVERSION = YES;
				CLANG_WARN_INFINITE_RECURSION = YES;
				CLANG_WARN_INT_CONVERSION = YES;
				CLANG_WARN_NON_LITERAL_NULL_CONVERSION = YES;
				CLANG_WARN_OBJC_IMPLICIT_RETAIN_SELF = YES;
				CLANG_WARN_OBJC_LITERAL_CONVERSION = YES;
				CLANG_WARN_OBJC_ROOT_CLASS = YES_ERROR;
				CLANG_WARN_QUOTED_INCLUDE_IN_FRAMEWORK_HEADER = YES;
				CLANG_WARN_RANGE_LOOP_ANALYSIS = YES;
				CLANG_WARN_STRICT_PROTOTYPES = YES;
				CLANG_WARN_SUSPICIOUS_MOVE = YES;
				CLANG_WARN_UNGUARDED_AVAILABILITY = YES_AGGRESSIVE;
				CLANG_WARN_UNREACHABLE_CODE = YES;
				CLANG_WARN__DUPLICATE_METHOD_MATCH = YES;
				COPY_PHASE_STRIP = NO;
				DEBUG_INFORMATION_FORMAT = dwarf;
				ENABLE_STRICT_OBJC_MSGSEND = YES;
				ENABLE_TESTABILITY = YES;
				GCC_C_LANGUAGE_STANDARD = gnu11;
				GCC_DYNAMIC_NO_PIC = NO;
				GCC_NO_COMMON_BLOCKS = YES;
				GCC_OPTIMIZATION_LEVEL = 0;
				GCC_PREPROCESSOR_DEFINITIONS = (
					"DEBUG=1",
					"$(inherited)",
				);
				GCC_WARN_64_TO_32_BIT_CONVERSION = YES;
				GCC_WARN_ABOUT_RETURN_TYPE = YES_ERROR;
				GCC_WARN_UNDECLARED_SELECTOR = YES;
				GCC_WARN_UNINITIALIZED_AUTOS = YES_AGGRESSIVE;
				GCC_WARN_UNUSED_FUNCTION = YES;
				GCC_WARN_UNUSED_VARIABLE = YES;
				IPHONEOS_DEPLOYMENT_TARGET = 16.4;
				MTL_ENABLE_DEBUG_INFO = INCLUDE_SOURCE;
				MTL_FAST_MATH = YES;
				ONLY_ACTIVE_ARCH = YES;
				SDKROOT = iphoneos;
				SWIFT_ACTIVE_COMPILATION_CONDITIONS = DEBUG;
				SWIFT_OPTIMIZATION_LEVEL = "-Onone";
			};
			name = Debug;
		};
		7AF55FF22A2471E900D4244F /* Release */ = {
			isa = XCBuildConfiguration;
			buildSettings = {
				ALWAYS_SEARCH_USER_PATHS = NO;
				CLANG_ANALYZER_NONNULL = YES;
				CLANG_ANALYZER_NUMBER_OBJECT_CONVERSION = YES_AGGRESSIVE;
				CLANG_CXX_LANGUAGE_STANDARD = "gnu++20";
				CLANG_ENABLE_MODULES = YES;
				CLANG_ENABLE_OBJC_ARC = YES;
				CLANG_ENABLE_OBJC_WEAK = YES;
				CLANG_WARN_BLOCK_CAPTURE_AUTORELEASING = YES;
				CLANG_WARN_BOOL_CONVERSION = YES;
				CLANG_WARN_COMMA = YES;
				CLANG_WARN_CONSTANT_CONVERSION = YES;
				CLANG_WARN_DEPRECATED_OBJC_IMPLEMENTATIONS = YES;
				CLANG_WARN_DIRECT_OBJC_ISA_USAGE = YES_ERROR;
				CLANG_WARN_DOCUMENTATION_COMMENTS = YES;
				CLANG_WARN_EMPTY_BODY = YES;
				CLANG_WARN_ENUM_CONVERSION = YES;
				CLANG_WARN_INFINITE_RECURSION = YES;
				CLANG_WARN_INT_CONVERSION = YES;
				CLANG_WARN_NON_LITERAL_NULL_CONVERSION = YES;
				CLANG_WARN_OBJC_IMPLICIT_RETAIN_SELF = YES;
				CLANG_WARN_OBJC_LITERAL_CONVERSION = YES;
				CLANG_WARN_OBJC_ROOT_CLASS = YES_ERROR;
				CLANG_WARN_QUOTED_INCLUDE_IN_FRAMEWORK_HEADER = YES;
				CLANG_WARN_RANGE_LOOP_ANALYSIS = YES;
				CLANG_WARN_STRICT_PROTOTYPES = YES;
				CLANG_WARN_SUSPICIOUS_MOVE = YES;
				CLANG_WARN_UNGUARDED_AVAILABILITY = YES_AGGRESSIVE;
				CLANG_WARN_UNREACHABLE_CODE = YES;
				CLANG_WARN__DUPLICATE_METHOD_MATCH = YES;
				COPY_PHASE_STRIP = NO;
				DEBUG_INFORMATION_FORMAT = "dwarf-with-dsym";
				ENABLE_NS_ASSERTIONS = NO;
				ENABLE_STRICT_OBJC_MSGSEND = YES;
				GCC_C_LANGUAGE_STANDARD = gnu11;
				GCC_NO_COMMON_BLOCKS = YES;
				GCC_WARN_64_TO_32_BIT_CONVERSION = YES;
				GCC_WARN_ABOUT_RETURN_TYPE = YES_ERROR;
				GCC_WARN_UNDECLARED_SELECTOR = YES;
				GCC_WARN_UNINITIALIZED_AUTOS = YES_AGGRESSIVE;
				GCC_WARN_UNUSED_FUNCTION = YES;
				GCC_WARN_UNUSED_VARIABLE = YES;
				IPHONEOS_DEPLOYMENT_TARGET = 16.4;
				MTL_ENABLE_DEBUG_INFO = NO;
				MTL_FAST_MATH = YES;
				SDKROOT = iphoneos;
				SWIFT_COMPILATION_MODE = wholemodule;
				SWIFT_OPTIMIZATION_LEVEL = "-O";
				VALIDATE_PRODUCT = YES;
			};
			name = Release;
		};
		7AF55FF42A2471E900D4244F /* Debug */ = {
			isa = XCBuildConfiguration;
			buildSettings = {
				ASSETCATALOG_COMPILER_APPICON_NAME = AppIcon;
				ASSETCATALOG_COMPILER_GLOBAL_ACCENT_COLOR_NAME = AccentColor;
				CODE_SIGN_STYLE = Automatic;
				CURRENT_PROJECT_VERSION = 1;
				DEVELOPMENT_ASSET_PATHS = "\"StarterProjectSetup/Preview Content\"";
				DEVELOPMENT_TEAM = 7SVXUY55A3;
				ENABLE_PREVIEWS = YES;
				GENERATE_INFOPLIST_FILE = YES;
				INFOPLIST_KEY_UIApplicationSceneManifest_Generation = YES;
				INFOPLIST_KEY_UIApplicationSupportsIndirectInputEvents = YES;
				INFOPLIST_KEY_UILaunchScreen_Generation = YES;
				INFOPLIST_KEY_UISupportedInterfaceOrientations_iPad = "UIInterfaceOrientationPortrait UIInterfaceOrientationPortraitUpsideDown UIInterfaceOrientationLandscapeLeft UIInterfaceOrientationLandscapeRight";
				INFOPLIST_KEY_UISupportedInterfaceOrientations_iPhone = "UIInterfaceOrientationPortrait UIInterfaceOrientationLandscapeLeft UIInterfaceOrientationLandscapeRight";
				LD_RUNPATH_SEARCH_PATHS = (
					"$(inherited)",
					"@executable_path/Frameworks",
				);
				MARKETING_VERSION = 1.0;
				PRODUCT_BUNDLE_IDENTIFIER = com.app.ios.StarterProjectSetup;
				PRODUCT_NAME = "$(TARGET_NAME)";
				SWIFT_EMIT_LOC_STRINGS = YES;
				SWIFT_VERSION = 5.0;
				TARGETED_DEVICE_FAMILY = "1,2";
			};
			name = Debug;
		};
		7AF55FF52A2471E900D4244F /* Release */ = {
			isa = XCBuildConfiguration;
			buildSettings = {
				ASSETCATALOG_COMPILER_APPICON_NAME = AppIcon;
				ASSETCATALOG_COMPILER_GLOBAL_ACCENT_COLOR_NAME = AccentColor;
				CODE_SIGN_STYLE = Automatic;
				CURRENT_PROJECT_VERSION = 1;
				DEVELOPMENT_ASSET_PATHS = "\"StarterProjectSetup/Preview Content\"";
				DEVELOPMENT_TEAM = 7SVXUY55A3;
				ENABLE_PREVIEWS = YES;
				GENERATE_INFOPLIST_FILE = YES;
				INFOPLIST_KEY_UIApplicationSceneManifest_Generation = YES;
				INFOPLIST_KEY_UIApplicationSupportsIndirectInputEvents = YES;
				INFOPLIST_KEY_UILaunchScreen_Generation = YES;
				INFOPLIST_KEY_UISupportedInterfaceOrientations_iPad = "UIInterfaceOrientationPortrait UIInterfaceOrientationPortraitUpsideDown UIInterfaceOrientationLandscapeLeft UIInterfaceOrientationLandscapeRight";
				INFOPLIST_KEY_UISupportedInterfaceOrientations_iPhone = "UIInterfaceOrientationPortrait UIInterfaceOrientationLandscapeLeft UIInterfaceOrientationLandscapeRight";
				LD_RUNPATH_SEARCH_PATHS = (
					"$(inherited)",
					"@executable_path/Frameworks",
				);
				MARKETING_VERSION = 1.0;
				PRODUCT_BUNDLE_IDENTIFIER = com.app.ios.StarterProjectSetup;
				PRODUCT_NAME = "$(TARGET_NAME)";
				SWIFT_EMIT_LOC_STRINGS = YES;
				SWIFT_VERSION = 5.0;
				TARGETED_DEVICE_FAMILY = "1,2";
			};
			name = Release;
		};
/* End XCBuildConfiguration section */

/* Begin XCConfigurationList section */
		7AF55FE02A2471E700D4244F /* Build configuration list for PBXProject "StarterProjectSetup" */ = {
			isa = XCConfigurationList;
			buildConfigurations = (
				7AF55FF12A2471E900D4244F /* Debug */,
				7AF55FF22A2471E900D4244F /* Release */,
			);
			defaultConfigurationIsVisible = 0;
			defaultConfigurationName = Release;
		};
		7AF55FF32A2471E900D4244F /* Build configuration list for PBXNativeTarget "StarterProjectSetup" */ = {
			isa = XCConfigurationList;
			buildConfigurations = (
				7AF55FF42A2471E900D4244F /* Debug */,
				7AF55FF52A2471E900D4244F /* Release */,
			);
			defaultConfigurationIsVisible = 0;
			defaultConfigurationName = Release;
		};
/* End XCConfigurationList section */
	};
	rootObject = 7AF55FDD2A2471E700D4244F /* Project object */;
}
